{
    "name": "@sweetui/sweet",
    "version": "2.2.2",
    "lockfileVersion": 1,
    "requires": true,
    "dependencies": {
        "async-validator": {
            "version": "1.8.5",
            "resolved": "https://registry.npmjs.org/async-validator/-/async-validator-1.8.5.tgz",
            "integrity": "sha512-tXBM+1m056MAX0E8TL2iCjg8WvSyXu0Zc8LNtYqrVeyoL3+esHRZ4SieE9fKQyyU09uONjnMEjrNBMqT0mbvmA==",
            "requires": {
                "babel-runtime": "6.x"
            }
        },
        "axios": {
            "version": "0.18.0",
            "resolved": "https://registry.npmjs.org/axios/-/axios-0.18.0.tgz",
            "integrity": "sha1-MtU+SFHv3AoRmTts0AB4nXDAUQI=",
            "requires": {
                "follow-redirects": "^1.3.0",
                "is-buffer": "^1.1.5"
            }
        },
        "babel-helper-vue-jsx-merge-props": {
            "version": "2.0.3",
            "resolved": "https://registry.npmjs.org/babel-helper-vue-jsx-merge-props/-/babel-helper-vue-jsx-merge-props-2.0.3.tgz",
            "integrity": "sha512-gsLiKK7Qrb7zYJNgiXKpXblxbV5ffSwR0f5whkPAaBAR4fhi6bwRZxX9wBlIc5M/v8CCkXUbXZL4N/nSE97cqg=="
        },
        "babel-runtime": {
            "version": "6.26.0",
            "resolved": "https://registry.npmjs.org/babel-runtime/-/babel-runtime-6.26.0.tgz",
            "integrity": "sha1-llxwWGaOgrVde/4E/yM3vItWR/4=",
            "requires": {
                "core-js": "^2.4.0",
                "regenerator-runtime": "^0.11.0"
            }
        },
        "core-js": {
            "version": "2.6.2",
            "resolved": "https://registry.npmjs.org/core-js/-/core-js-2.6.2.tgz",
            "integrity": "sha512-NdBPF/RVwPW6jr0NCILuyN9RiqLo2b1mddWHkUL+VnvcB7dzlnBJ1bXYntjpTGOgkZiiLWj2JxmOr7eGE3qK6g=="
        },
        "countly-sdk-web": {
            "version": "18.11.0",
            "resolved": "https://registry.npmjs.org/countly-sdk-web/-/countly-sdk-web-18.11.0.tgz",
            "integrity": "sha512-qSa0kUxAqLTIhSFRvk6bLgiEWaS6/UcPzPen/F9MF0PkVoww7z1F692m0zDgq37uHf9knih2SvJOx89f3auvCA=="
        },
        "de-indent": {
            "version": "1.0.2",
            "resolved": "https://registry.npmjs.org/de-indent/-/de-indent-1.0.2.tgz",
            "integrity": "sha1-sgOOhG3DO6pXlhKNCAS0VbjB4h0="
        },
        "debug": {
            "version": "3.1.0",
            "resolved": "https://registry.npmjs.org/debug/-/debug-3.1.0.tgz",
            "integrity": "sha512-OX8XqP7/1a9cqkxYw2yXss15f26NKWBpDXQd0/uK/KPqdQhxbPa994hnzjcE2VqQpDslf55723cKPUOGSmMY3g==",
            "requires": {
                "ms": "2.0.0"
            }
        },
        "deepmerge": {
            "version": "1.5.2",
            "resolved": "https://registry.npmjs.org/deepmerge/-/deepmerge-1.5.2.tgz",
            "integrity": "sha512-95k0GDqvBjZavkuvzx/YqVLv/6YYa17fz6ILMSf7neqQITCPbnfEnQvEgMPNjH4kgobe7+WIL0yJEHku+H3qtQ=="
        },
        "element-ui": {
            "version": "2.4.11",
            "resolved": "https://registry.npmjs.org/element-ui/-/element-ui-2.4.11.tgz",
            "integrity": "sha512-RtgK0t840NAFTajGMWvylzZRSX1EkZ7V4YgAoBxhv4TtkeMscLuk/IdYOzPdlQq6IN0byx1YVBxCX+u4yYkGvw==",
            "requires": {
                "async-validator": "~1.8.1",
                "babel-helper-vue-jsx-merge-props": "^2.0.0",
                "deepmerge": "^1.2.0",
                "normalize-wheel": "^1.0.1",
                "resize-observer-polyfill": "^1.5.0",
                "throttle-debounce": "^1.0.1"
            }
        },
        "follow-redirects": {
            "version": "1.6.1",
            "resolved": "https://registry.npmjs.org/follow-redirects/-/follow-redirects-1.6.1.tgz",
            "integrity": "sha512-t2JCjbzxQpWvbhts3l6SH1DKzSrx8a+SsaVf4h6bG4kOXUuPYS/kg2Lr4gQSb7eemaHqJkOThF1BGyjlUkO1GQ==",
            "requires": {
                "debug": "=3.1.0"
            }
        },
        "he": {
            "version": "1.2.0",
            "resolved": "https://registry.npmjs.org/he/-/he-1.2.0.tgz",
            "integrity": "sha512-F/1DnUGPopORZi0ni+CvrCgHQ5FyEAHRLSApuYWMmrbSwoN2Mn/7k+Gl38gJnR7yyDZk6WLXwiGod1JOWNDKGw=="
        },
        "is-buffer": {
            "version": "1.1.6",
            "resolved": "https://registry.npmjs.org/is-buffer/-/is-buffer-1.1.6.tgz",
            "integrity": "sha512-NcdALwpXkTm5Zvvbk7owOUSvVvBKDgKP5/ewfXEznmQFfs4ZRmanOeKBTjRVjka3QFoN6XJ+9F3USqfHqTaU5w=="
        },
        "ms": {
            "version": "2.0.0",
            "resolved": "https://registry.npmjs.org/ms/-/ms-2.0.0.tgz",
            "integrity": "sha1-VgiurfwAvmwpAd9fmGF4jeDVl8g="
        },
        "normalize-wheel": {
            "version": "1.0.1",
            "resolved": "https://registry.npmjs.org/normalize-wheel/-/normalize-wheel-1.0.1.tgz",
            "integrity": "sha1-rsiGr/2wRQcNhWRH32Ls+GFG7EU="
        },
        "regenerator-runtime": {
            "version": "0.11.1",
            "resolved": "https://registry.npmjs.org/regenerator-runtime/-/regenerator-runtime-0.11.1.tgz",
            "integrity": "sha512-MguG95oij0fC3QV3URf4V2SDYGJhJnJGqvIIgdECeODCT98wSWDAJ94SSuVpYQUoTcGUIL6L4yNB7j1DFFHSBg=="
        },
        "resize-observer-polyfill": {
            "version": "1.5.1",
            "resolved": "https://registry.npmjs.org/resize-observer-polyfill/-/resize-observer-polyfill-1.5.1.tgz",
            "integrity": "sha512-LwZrotdHOo12nQuZlHEmtuXdqGoOD0OhaxopaNFxWzInpEgaLWoVuAMbTzixuosCx2nEG58ngzW3vxdWoxIgdg=="
        },
        "throttle-debounce": {
            "version": "1.1.0",
            "resolved": "https://registry.npmjs.org/throttle-debounce/-/throttle-debounce-1.1.0.tgz",
            "integrity": "sha512-XH8UiPCQcWNuk2LYePibW/4qL97+ZQ1AN3FNXwZRBNPPowo/NRU5fAlDCSNBJIYCKbioZfuYtMhG4quqoJhVzg=="
        },
        "vue": {
            "version": "2.5.22",
            "resolved": "https://registry.npmjs.org/vue/-/vue-2.5.22.tgz",
            "integrity": "sha512-pxY3ZHlXNJMFQbkjEgGVMaMMkSV1ONpz+4qB55kZuJzyJOhn6MSy/YZdzhdnumegNzVTL/Dn3Pp4UrVBYt1j/g=="
        },
        "vue-i18n": {
            "version": "8.7.0",
            "resolved": "https://registry.npmjs.org/vue-i18n/-/vue-i18n-8.7.0.tgz",
            "integrity": "sha512-qey+OyZSUIje0xJW8HZrvpIss1jW8yBBRe+0QlUn7HENU31m/+Med/u4pcwjoeCaErHU9WMscBEhqK5aAvvEEQ=="
        },
        "vue-router": {
            "version": "3.0.2",
            "resolved": "https://registry.npmjs.org/vue-router/-/vue-router-3.0.2.tgz",
            "integrity": "sha512-opKtsxjp9eOcFWdp6xLQPLmRGgfM932Tl56U9chYTnoWqKxQ8M20N7AkdEbM5beUh6wICoFGYugAX9vQjyJLFg=="
        },
        "vue-template-compiler": {
            "version": "2.5.22",
            "resolved": "https://registry.npmjs.org/vue-template-compiler/-/vue-template-compiler-2.5.22.tgz",
            "integrity": "sha512-1VTw/NPTUeHNiwhkq6NkFzO7gYLjFCueBN0FX8NEiQIemd5EUMQ5hxrF7O0zCPo5tae+U9S/scETPea+hIz8Eg==",
            "requires": {
                "de-indent": "^1.0.2",
                "he": "^1.1.0"
            }
        },
        "vuex": {
            "version": "3.1.0",
            "resolved": "https://registry.npmjs.org/vuex/-/vuex-3.1.0.tgz",
            "integrity": "sha512-mdHeHT/7u4BncpUZMlxNaIdcN/HIt1GsGG5LKByArvYG/v6DvHcOxvDCts+7SRdCoIRGllK8IMZvQtQXLppDYg=="
        }
    }
}
